
Microsoft Visual Studio Solution File, Format Version 12.00
# Visual Studio Version 16
VisualStudioVersion = 16.0.30104.148
MinimumVisualStudioVersion = 10.0.40219.1
Project("{9A19103F-16F7-4668-BE54-9A1E7A4F7556}") = "Lab7", "Lab7\Lab7.csproj", "{A97FA924-C939-4AA6-ACAE-3A9375B3F110}"
EndProject
Project("{9A19103F-16F7-4668-BE54-9A1E7A4F7556}") = "Balance", "Balance\Balance.csproj", "{63818E3D-10BC-4CF8-8B9E-CE5B86CD9793}"
EndProject
Project("{9A19103F-16F7-4668-BE54-9A1E7A4F7556}") = "Tests", "Tests\Tests.csproj", "{45ADF96E-4FA1-420E-B12B-1F41B254E885}"
EndProject
Global
	GlobalSection(SolutionConfigurationPlatforms) = preSolution
		Debug|Any CPU = Debug|Any CPU
		Release|Any CPU = Release|Any CPU
	EndGlobalSection
	GlobalSection(ProjectConfigurationPlatforms) = postSolution
		{A97FA924-C939-4AA6-ACAE-3A9375B3F110}.Debug|Any CPU.ActiveCfg = Debug|Any CPU
		{A97FA924-C939-4AA6-ACAE-3A9375B3F110}.Debug|Any CPU.Build.0 = Debug|Any CPU
		{A97FA924-C939-4AA6-ACAE-3A9375B3F110}.Release|Any CPU.ActiveCfg = Release|Any CPU
		{A97FA924-C939-4AA6-ACAE-3A9375B3F110}.Release|Any CPU.Build.0 = Release|Any CPU
		{63818E3D-10BC-4CF8-8B9E-CE5B86CD9793}.Debug|Any CPU.ActiveCfg = Debug|Any CPU
		{63818E3D-10BC-4CF8-8B9E-CE5B86CD9793}.Debug|Any CPU.Build.0 = Debug|Any CPU
		{63818E3D-10BC-4CF8-8B9E-CE5B86CD9793}.Release|Any CPU.ActiveCfg = Release|Any CPU
		{63818E3D-10BC-4CF8-8B9E-CE5B86CD9793}.Release|Any CPU.Build.0 = Release|Any CPU
		{45ADF96E-4FA1-420E-B12B-1F41B254E885}.Debug|Any CPU.ActiveCfg = Debug|Any CPU
		{45ADF96E-4FA1-420E-B12B-1F41B254E885}.Debug|Any CPU.Build.0 = Debug|Any CPU
		{45ADF96E-4FA1-420E-B12B-1F41B254E885}.Release|Any CPU.ActiveCfg = Release|Any CPU
		{45ADF96E-4FA1-420E-B12B-1F41B254E885}.Release|Any CPU.Build.0 = Release|Any CPU
	EndGlobalSection
	GlobalSection(SolutionProperties) = preSolution
		HideSolutionNode = FALSE
	EndGlobalSection
	GlobalSection(ExtensibilityGlobals) = postSolution
		SolutionGuid = {8478AC24-098C-4732-822E-778C038855BE}
	EndGlobalSection
EndGlobal
